{
  "name": "@genestack/system-api",
  "version": "1.2.0-alpha.2",
  "lockfileVersion": 1,
  "requires": true,
  "dependencies": {
    "@genestack/interfaces": {
      "version": "1.2.0-alpha.2",
      "resolved": "https://registry.npmjs.org/@genestack/interfaces/-/interfaces-1.2.0-alpha.2.tgz",
      "integrity": "sha512-anTMx6xTqC3l/zyb/6c7CkePFB4qneqE1CJ3BL9gHbkq6baK5A4cO1IAEShsQJJ05iilRgM3WqYUuMlYC9rhpg=="
    },
    "typescript": {
      "version": "2.9.2",
      "resolved": "https://registry.npmjs.org/typescript/-/typescript-2.9.2.tgz",
      "integrity": "sha512-Gr4p6nFNaoufRIY4NMdpQRNmgxVIGMs4Fcu/ujdYk3nAZqk7supzBE9idmvfZIlH/Cuj//dvi+019qEue9lV0w==",
      "dev": true
    }
  }
}
